
Microsoft Visual Studio Solution File, Format Version 12.00
# Visual Studio 15
VisualStudioVersion = 15.0.27428.2043
MinimumVisualStudioVersion = 10.0.40219.1
Project("{9A19103F-16F7-4668-BE54-9A1E7A4F7556}") = "TeduCoreApp.Infrastructure", "TeduCoreApp.Infrastructure\TeduCoreApp.Infrastructure.csproj", "{24663E66-C76A-40A7-9AF9-BA7B503FBBE2}"
EndProject
Project("{9A19103F-16F7-4668-BE54-9A1E7A4F7556}") = "TeduCoreApp.Utilities", "TeduCoreApp.Utilities\TeduCoreApp.Utilities.csproj", "{75191B40-1905-4B8F-87BA-6A213099480A}"
EndProject
Project("{9A19103F-16F7-4668-BE54-9A1E7A4F7556}") = "TeduCoreApp.Data", "TeduCoreApp.Data\TeduCoreApp.Data.csproj", "{DA968DCE-B26F-4CAD-9539-F19542EEAB38}"
EndProject
Project("{9A19103F-16F7-4668-BE54-9A1E7A4F7556}") = "TeduCoreApp.Data.EF", "TeduCoreApp.Data.EF\TeduCoreApp.Data.EF.csproj", "{302B5D4E-617E-40C2-BD45-A90E8DCBB81C}"
EndProject
Project("{9A19103F-16F7-4668-BE54-9A1E7A4F7556}") = "TeduCoreApp.Application", "TeduCoreApp.Application\TeduCoreApp.Application.csproj", "{B7621C6A-F0D2-418C-93B6-928EF83EDE89}"
EndProject
Project("{2150E333-8FDC-42A3-9474-1A3956D46DE8}") = "1-Presentation", "1-Presentation", "{C8117D08-6845-4521-8052-E475C8F6312D}"
EndProject
Project("{2150E333-8FDC-42A3-9474-1A3956D46DE8}") = "2-Application", "2-Application", "{9872DD3B-C65E-459B-982F-2CEA5DCA47EB}"
EndProject
Project("{2150E333-8FDC-42A3-9474-1A3956D46DE8}") = "3-Domain", "3-Domain", "{38ECFDA0-A430-443B-900E-B9584BB80D2C}"
EndProject
Project("{2150E333-8FDC-42A3-9474-1A3956D46DE8}") = "4-Infrastructure", "4-Infrastructure", "{4BD7DA2F-EEF4-4934-A0F9-0D3EB9D4861E}"
EndProject
Project("{FAE04EC0-301F-11D3-BF4B-00C04F79EFBC}") = "TeduCoreApp", "TeduCoreApp\TeduCoreApp.csproj", "{947B17B9-4866-4F17-BCB1-DD2F0940CB84}"
EndProject
Global
	GlobalSection(SolutionConfigurationPlatforms) = preSolution
		Debug|Any CPU = Debug|Any CPU
		Release|Any CPU = Release|Any CPU
	EndGlobalSection
	GlobalSection(ProjectConfigurationPlatforms) = postSolution
		{24663E66-C76A-40A7-9AF9-BA7B503FBBE2}.Debug|Any CPU.ActiveCfg = Debug|Any CPU
		{24663E66-C76A-40A7-9AF9-BA7B503FBBE2}.Debug|Any CPU.Build.0 = Debug|Any CPU
		{24663E66-C76A-40A7-9AF9-BA7B503FBBE2}.Release|Any CPU.ActiveCfg = Release|Any CPU
		{24663E66-C76A-40A7-9AF9-BA7B503FBBE2}.Release|Any CPU.Build.0 = Release|Any CPU
		{75191B40-1905-4B8F-87BA-6A213099480A}.Debug|Any CPU.ActiveCfg = Debug|Any CPU
		{75191B40-1905-4B8F-87BA-6A213099480A}.Debug|Any CPU.Build.0 = Debug|Any CPU
		{75191B40-1905-4B8F-87BA-6A213099480A}.Release|Any CPU.ActiveCfg = Release|Any CPU
		{75191B40-1905-4B8F-87BA-6A213099480A}.Release|Any CPU.Build.0 = Release|Any CPU
		{DA968DCE-B26F-4CAD-9539-F19542EEAB38}.Debug|Any CPU.ActiveCfg = Debug|Any CPU
		{DA968DCE-B26F-4CAD-9539-F19542EEAB38}.Debug|Any CPU.Build.0 = Debug|Any CPU
		{DA968DCE-B26F-4CAD-9539-F19542EEAB38}.Release|Any CPU.ActiveCfg = Release|Any CPU
		{DA968DCE-B26F-4CAD-9539-F19542EEAB38}.Release|Any CPU.Build.0 = Release|Any CPU
		{302B5D4E-617E-40C2-BD45-A90E8DCBB81C}.Debug|Any CPU.ActiveCfg = Debug|Any CPU
		{302B5D4E-617E-40C2-BD45-A90E8DCBB81C}.Debug|Any CPU.Build.0 = Debug|Any CPU
		{302B5D4E-617E-40C2-BD45-A90E8DCBB81C}.Release|Any CPU.ActiveCfg = Release|Any CPU
		{302B5D4E-617E-40C2-BD45-A90E8DCBB81C}.Release|Any CPU.Build.0 = Release|Any CPU
		{B7621C6A-F0D2-418C-93B6-928EF83EDE89}.Debug|Any CPU.ActiveCfg = Debug|Any CPU
		{B7621C6A-F0D2-418C-93B6-928EF83EDE89}.Debug|Any CPU.Build.0 = Debug|Any CPU
		{B7621C6A-F0D2-418C-93B6-928EF83EDE89}.Release|Any CPU.ActiveCfg = Release|Any CPU
		{B7621C6A-F0D2-418C-93B6-928EF83EDE89}.Release|Any CPU.Build.0 = Release|Any CPU
		{947B17B9-4866-4F17-BCB1-DD2F0940CB84}.Debug|Any CPU.ActiveCfg = Debug|Any CPU
		{947B17B9-4866-4F17-BCB1-DD2F0940CB84}.Debug|Any CPU.Build.0 = Debug|Any CPU
		{947B17B9-4866-4F17-BCB1-DD2F0940CB84}.Release|Any CPU.ActiveCfg = Release|Any CPU
		{947B17B9-4866-4F17-BCB1-DD2F0940CB84}.Release|Any CPU.Build.0 = Release|Any CPU
	EndGlobalSection
	GlobalSection(SolutionProperties) = preSolution
		HideSolutionNode = FALSE
	EndGlobalSection
	GlobalSection(NestedProjects) = preSolution
		{24663E66-C76A-40A7-9AF9-BA7B503FBBE2} = {4BD7DA2F-EEF4-4934-A0F9-0D3EB9D4861E}
		{75191B40-1905-4B8F-87BA-6A213099480A} = {4BD7DA2F-EEF4-4934-A0F9-0D3EB9D4861E}
		{DA968DCE-B26F-4CAD-9539-F19542EEAB38} = {38ECFDA0-A430-443B-900E-B9584BB80D2C}
		{302B5D4E-617E-40C2-BD45-A90E8DCBB81C} = {38ECFDA0-A430-443B-900E-B9584BB80D2C}
		{B7621C6A-F0D2-418C-93B6-928EF83EDE89} = {9872DD3B-C65E-459B-982F-2CEA5DCA47EB}
		{947B17B9-4866-4F17-BCB1-DD2F0940CB84} = {C8117D08-6845-4521-8052-E475C8F6312D}
	EndGlobalSection
	GlobalSection(ExtensibilityGlobals) = postSolution
		SolutionGuid = {D0CFC867-CC59-43C3-B0F8-3B2696097351}
	EndGlobalSection
EndGlobal
